{
  "name": "community_compose",
  "requires": true,
  "lockfileVersion": 1,
  "dependencies": {
    "fetch-rails": {
      "version": "0.8.3",
      "resolved": "https://registry.npmjs.org/fetch-rails/-/fetch-rails-0.8.3.tgz",
      "integrity": "sha512-sN28oAHJV49V1Zg5x5ZTgRjnAYDuH0B/v3xBWA9ftAI9sGwv94hDBpos2LM2WQukVnhbzB6KaDYk+86mOhbB8A=="
    },
    "flat-embed": {
      "version": "1.3.0"
    }
  }
}
