# THIS IS AN AUTOGENERATED FILE. DO NOT EDIT THIS FILE DIRECTLY.
# yarn lockfile v1


flat-embed@^1.3.0:
  version "1.3.0"
  resolved "https://registry.yarnpkg.com/flat-embed/-/flat-embed-1.3.0.tgz#674c7d48e35c314773230ab33a1fb50e0125c11f"
  integrity sha512-8Kc+lVmbj+ekGmW240o8luKaIAQ8xmS0rmrgkvH0K5mEwLboj0fWaZE/LgZDPDR4vXCr3HPcNr4XJ79ElqFA2g==
